{
  "object": {
    "pins": [
      {
        "package": "CocoaImageHashing",
        "repositoryURL": "https://github.com/ameingast/cocoaimagehashing",
        "state": {
          "branch": null,
          "revision": "ad01eee3c3f91bd181f7f4eba7f48f7cb211b51c",
          "version": "1.9.0"
        }
      },
      {
        "package": "MapboxCommon",
        "repositoryURL": "https://github.com/mapbox/mapbox-common-ios.git",
        "state": {
          "branch": null,
          "revision": "419bbceb7016eb6f8ca9f575d45508d9d948af30",
          "version": "23.8.0"
        }
      },
      {
        "package": "MapboxCoreMaps",
        "repositoryURL": "https://github.com/mapbox/mapbox-core-maps-ios.git",
        "state": {
          "branch": null,
          "revision": "d47a6e081b9ae736003033b971bfa641e650e08e",
          "version": "10.16.0"
        }
      },
      {
        "package": "MapboxMobileEvents",
        "repositoryURL": "https://github.com/mapbox/mapbox-events-ios.git",
        "state": {
          "branch": null,
          "revision": "91ae071c0232c144251dfe0d0724525deaf293d4",
          "version": "1.0.10"
        }
      },
      {
        "package": "Turf",
        "repositoryURL": "https://github.com/mapbox/turf-swift.git",
        "state": {
          "branch": null,
          "revision": "87b5b37108ba9f37f0885b586d8f6355d8240dd8",
          "version": "2.6.1"
        }
      }
    ]
  },
  "version": 1
}
