{
  "object": {
    "pins": [
      {
        "package": "CocoaImageHashing",
        "repositoryURL": "https://github.com/ameingast/cocoaimagehashing",
        "state": {
          "branch": null,
          "revision": "ad01eee3c3f91bd181f7f4eba7f48f7cb211b51c",
          "version": "1.9.0"
        }
      },
      {
        "package": "MapboxCommon",
        "repositoryURL": "https://github.com/mapbox/mapbox-common-ios.git",
        "state": {
          "branch": null,
          "revision": "2d855750b047fe2542a8e8b1a94851dd9aeba22b",
          "version": "20.1.0-rc.1"
        }
      },
      {
        "package": "MapboxCoreMaps",
        "repositoryURL": "https://github.com/mapbox/mapbox-core-maps-ios.git",
        "state": {
          "branch": null,
          "revision": "ef6f4156924ced0683bf903651276fb64752056f",
          "version": "10.1.0-beta"
        }
      },
      {
        "package": "MapboxMobileEvents",
        "repositoryURL": "https://github.com/mapbox/mapbox-events-ios.git",
        "state": {
          "branch": null,
          "revision": "e29f48d9ed02b31ef51f9774a9c45f1d7c2c2b78",
          "version": "1.0.6"
        }
      },
      {
        "package": "Turf",
        "repositoryURL": "https://github.com/mapbox/turf-swift.git",
        "state": {
          "branch": null,
          "revision": "dccd79aee4c21298d1beb81cc0e86eccbe911ae0",
          "version": "2.0.0"
        }
      }
    ]
  },
  "version": 1
}
