<?xml version="1.0" encoding="UTF-8"?>
<Scheme
   LastUpgradeVersion = "1430"
   version = "1.7">
   <BuildAction
      parallelizeBuildables = "YES"
      buildImplicitDependencies = "YES">
      <PreActions>
         <ExecutionAction
            ActionType = "Xcode.IDEStandardExecutionActionsCore.ExecutionActionType.ShellScriptAction">
            <ActionContent
               title = "Inject Tests/MapboxMapsTests/Helpers/MapboxAccessToken "
               scriptText = "TOKEN_FILE=~/.mapbox&#10;TOKEN_FILE_2=~/mapbox&#10;TOKEN=&quot;$(cat $TOKEN_FILE 2&gt;/dev/null || cat $TOKEN_FILE_2 2&gt;/dev/null)&quot;&#10;if [ &quot;$TOKEN&quot; ]; then&#10;  echo &quot;Build pre-action step using ${TOKEN:0:5}&quot;&#10; echo &quot;$WORKSPACE_PATH&quot;&#10;  if [ $(basename &quot;$WORKSPACE_PATH&quot;) = &quot;package.xcworkspace&quot; ]; then&#10;    MBX_ROOT=$(echo &quot;$WORKSPACE_PATH&quot; | rev | cut -d&apos;/&apos; -f4- | rev)&#10;  elif [ $(basename &quot;$WORKSPACE_PATH&quot;) = &quot;project.xcworkspace&quot; ]; then&#10;    MBX_ROOT=$(echo &quot;$WORKSPACE_PATH&quot; | rev | cut -d&apos;/&apos; -f5- | rev) &#10;  else&#10;    echo &quot;Unknown workspace&quot;&#10;    exit 1 # Unknown workspace&#10;  fi&#10;  echo &quot;$TOKEN&quot; &gt; &quot;$MBX_ROOT/Tests/MapboxMapsTests/Helpers/MapboxAccessToken&quot;&#10;else&#10;  echo &quot;Build pre-action step: Could not find access token&quot;&#10;fi&#10;">
               <EnvironmentBuildable>
                  <BuildableReference
                     BuildableIdentifier = "primary"
                     BlueprintIdentifier = "MapboxMaps"
                     BuildableName = "MapboxMaps"
                     BlueprintName = "MapboxMaps"
                     ReferencedContainer = "container:">
                  </BuildableReference>
               </EnvironmentBuildable>
            </ActionContent>
         </ExecutionAction>
      </PreActions>
      <BuildActionEntries>
         <BuildActionEntry
            buildForTesting = "YES"
            buildForRunning = "YES"
            buildForProfiling = "YES"
            buildForArchiving = "YES"
            buildForAnalyzing = "YES">
            <BuildableReference
               BuildableIdentifier = "primary"
               BlueprintIdentifier = "MapboxMaps_MapboxMaps"
               BuildableName = "MapboxMaps_MapboxMaps"
               BlueprintName = "MapboxMaps_MapboxMaps"
               ReferencedContainer = "container:">
            </BuildableReference>
         </BuildActionEntry>
         <BuildActionEntry
            buildForTesting = "YES"
            buildForRunning = "NO"
            buildForProfiling = "NO"
            buildForArchiving = "NO"
            buildForAnalyzing = "YES">
            <BuildableReference
               BuildableIdentifier = "primary"
               BlueprintIdentifier = "MapboxMaps_MapboxMapsTests"
               BuildableName = "MapboxMaps_MapboxMapsTests"
               BlueprintName = "MapboxMaps_MapboxMapsTests"
               ReferencedContainer = "container:">
            </BuildableReference>
         </BuildActionEntry>
         <BuildActionEntry
            buildForTesting = "YES"
            buildForRunning = "YES"
            buildForProfiling = "YES"
            buildForArchiving = "YES"
            buildForAnalyzing = "YES">
            <BuildableReference
               BuildableIdentifier = "primary"
               BlueprintIdentifier = "MapboxMaps"
               BuildableName = "MapboxMaps"
               BlueprintName = "MapboxMaps"
               ReferencedContainer = "container:">
            </BuildableReference>
         </BuildActionEntry>
         <BuildActionEntry
            buildForTesting = "YES"
            buildForRunning = "NO"
            buildForProfiling = "NO"
            buildForArchiving = "NO"
            buildForAnalyzing = "YES">
            <BuildableReference
               BuildableIdentifier = "primary"
               BlueprintIdentifier = "MapboxMapsTests"
               BuildableName = "MapboxMapsTests"
               BlueprintName = "MapboxMapsTests"
               ReferencedContainer = "container:">
            </BuildableReference>
         </BuildActionEntry>
      </BuildActionEntries>
   </BuildAction>
   <TestAction
      buildConfiguration = "Debug"
      selectedDebuggerIdentifier = "Xcode.DebuggerFoundation.Debugger.LLDB"
      selectedLauncherIdentifier = "Xcode.DebuggerFoundation.Launcher.LLDB"
      shouldUseLaunchSchemeArgsEnv = "YES"
      enableAddressSanitizer = "YES"
      enableASanStackUseAfterReturn = "YES">
      <TestPlans>
         <TestPlanReference
            reference = "container:Tests/TestPlans/MapboxMapsAll.xctestplan"
            default = "YES">
         </TestPlanReference>
         <TestPlanReference
            reference = "container:Tests/TestPlans/UnitTests.xctestplan">
         </TestPlanReference>
         <TestPlanReference
            reference = "container:Tests/TestPlans/IntegrationTests.xctestplan">
         </TestPlanReference>
      </TestPlans>
      <Testables>
         <TestableReference
            skipped = "NO">
            <BuildableReference
               BuildableIdentifier = "primary"
               BlueprintIdentifier = "MapboxMapsTests"
               BuildableName = "MapboxMapsTests"
               BlueprintName = "MapboxMapsTests"
               ReferencedContainer = "container:">
            </BuildableReference>
         </TestableReference>
      </Testables>
   </TestAction>
   <LaunchAction
      buildConfiguration = "Debug"
      selectedDebuggerIdentifier = "Xcode.DebuggerFoundation.Debugger.LLDB"
      selectedLauncherIdentifier = "Xcode.DebuggerFoundation.Launcher.LLDB"
      launchStyle = "0"
      useCustomWorkingDirectory = "NO"
      ignoresPersistentStateOnLaunch = "NO"
      debugDocumentVersioning = "YES"
      debugServiceExtension = "internal"
      allowLocationSimulation = "YES">
   </LaunchAction>
   <ProfileAction
      buildConfiguration = "Release"
      shouldUseLaunchSchemeArgsEnv = "YES"
      savedToolIdentifier = ""
      useCustomWorkingDirectory = "NO"
      debugDocumentVersioning = "YES">
      <MacroExpansion>
         <BuildableReference
            BuildableIdentifier = "primary"
            BlueprintIdentifier = "MapboxMaps_MapboxMaps"
            BuildableName = "MapboxMaps_MapboxMaps"
            BlueprintName = "MapboxMaps_MapboxMaps"
            ReferencedContainer = "container:">
         </BuildableReference>
      </MacroExpansion>
   </ProfileAction>
   <AnalyzeAction
      buildConfiguration = "Debug">
   </AnalyzeAction>
   <ArchiveAction
      buildConfiguration = "Release"
      revealArchiveInOrganizer = "YES">
   </ArchiveAction>
</Scheme>
