{
  "pins" : [
    {
      "identity" : "swift-argument-parser",
      "kind" : "remoteSourceControl",
      "location" : "https://github.com/apple/swift-argument-parser.git",
      "state" : {
        "revision" : "fee6933f37fde9a5e12a1e4aeaa93fe60116ff2a",
        "version" : "1.2.2"
      }
    },
    {
      "identity" : "xcresultkit",
      "kind" : "remoteSourceControl",
      "location" : "https://github.com/davidahouse/XCResultKit",
      "state" : {
        "revision" : "21ba268d9e96a7ecafc7a9d384e9e15112053981",
        "version" : "1.0.0"
      }
    }
  ],
  "version" : 2
}
