{
  "pins" : [
    {
      "identity" : "fingertips",
      "kind" : "remoteSourceControl",
      "location" : "git@github.com:mapbox/Fingertips.git",
      "state" : {
        "revision" : "828349081181608bf67abe53f5881728a14a0f78",
        "version" : "0.6.0"
      }
    },
    {
      "identity" : "mapbox-common-ios",
      "kind" : "remoteSourceControl",
      "location" : "https://github.com/mapbox/mapbox-common-ios.git",
      "state" : {
        "revision" : "1bfa6739e7b5f96d36532e25a4aaaa9045242022",
        "version" : "24.9.1"
      }
    },
    {
      "identity" : "mapbox-core-maps-ios",
      "kind" : "remoteSourceControl",
      "location" : "https://github.com/mapbox/mapbox-core-maps-ios.git",
      "state" : {
        "revision" : "8960bfc4f87993780b1cf7f7451cf799b07261e8",
        "version" : "11.9.4"
      }
    },
    {
      "identity" : "turf-swift",
      "kind" : "remoteSourceControl",
      "location" : "https://github.com/mapbox/turf-swift.git",
      "state" : {
        "revision" : "bf840e6b9529d105687840fe2c9dcd74197d46d1",
        "version" : "4.0.0"
      }
    }
  ],
  "version" : 2
}
