{
  "object": {
    "pins": [
      {
        "package": "CocoaImageHashing",
        "repositoryURL": "https://github.com/ameingast/cocoaimagehashing",
        "state": {
          "branch": null,
          "revision": "ad01eee3c3f91bd181f7f4eba7f48f7cb211b51c",
          "version": "1.9.0"
        }
      },
      {
        "package": "MapboxCommon",
        "repositoryURL": "https://github.com/mapbox/mapbox-common-ios.git",
        "state": {
          "branch": null,
          "revision": "ce35687685331b1690149637d25ddc47d88146de",
          "version": "23.11.2"
        }
      },
      {
        "package": "MapboxCoreMaps",
        "repositoryURL": "https://github.com/mapbox/mapbox-core-maps-ios.git",
        "state": {
          "branch": null,
          "revision": "95bb164a4ca016cb6fce3cdfb13c4902bf8b8c18",
          "version": "10.19.2"
        }
      },
      {
        "package": "MapboxMobileEvents",
        "repositoryURL": "https://github.com/mapbox/mapbox-events-ios.git",
        "state": {
          "branch": null,
          "revision": "990bab73cf50242a05f29b6a9cfeb30592150c13",
          "version": "2.0.0"
        }
      },
      {
        "package": "Turf",
        "repositoryURL": "https://github.com/mapbox/turf-swift.git",
        "state": {
          "branch": null,
          "revision": "213050191cfcb3d5aa76e1fa90c6ff1e182a42ca",
          "version": "2.8.0"
        }
      }
    ]
  },
  "version": 1
}
