{
  "object": {
    "pins": [
      {
        "package": "CocoaImageHashing",
        "repositoryURL": "https://github.com/ameingast/cocoaimagehashing",
        "state": {
          "branch": null,
          "revision": "ad01eee3c3f91bd181f7f4eba7f48f7cb211b51c",
          "version": "1.9.0"
        }
      },
      {
        "package": "MapboxCommon",
        "repositoryURL": "https://github.com/mapbox/mapbox-common-ios.git",
        "state": {
          "branch": null,
          "revision": "0344eb61ec9e3cf96c81b1767354a8a3cd1246fc",
          "version": "20.0.0"
        }
      },
      {
        "package": "MapboxCoreMaps",
        "repositoryURL": "https://github.com/mapbox/mapbox-core-maps-ios.git",
        "state": {
          "branch": null,
          "revision": "fd3b7e65b51fd984831c1337876b038ed183480b",
          "version": "10.0.0"
        }
      },
      {
        "package": "MapboxMobileEvents",
        "repositoryURL": "https://github.com/mapbox/mapbox-events-ios.git",
        "state": {
          "branch": null,
          "revision": "42aa5121a6810adee85bbc3ceb45c9792ae416d0",
          "version": "1.0.5"
        }
      },
      {
        "package": "Turf",
        "repositoryURL": "https://github.com/mapbox/turf-swift.git",
        "state": {
          "branch": null,
          "revision": "007896bb945432d4683e114fcf2f089edff4ceeb",
          "version": "2.0.0-rc.2"
        }
      }
    ]
  },
  "version": 1
}
