{
  "pins" : [
    {
      "identity" : "fingertips",
      "kind" : "remoteSourceControl",
      "location" : "git@github.com:mapbox/Fingertips.git",
      "state" : {
        "revision" : "828349081181608bf67abe53f5881728a14a0f78",
        "version" : "0.6.0"
      }
    },
    {
      "identity" : "mapbox-common-ios",
      "kind" : "remoteSourceControl",
      "location" : "https://github.com/mapbox/mapbox-common-ios.git",
      "state" : {
        "revision" : "637be38ecea2c6aaac4f81a1f94b4e2001c9fad3",
        "version" : "24.11.3"
      }
    },
    {
      "identity" : "mapbox-core-maps-ios",
      "kind" : "remoteSourceControl",
      "location" : "https://github.com/mapbox/mapbox-core-maps-ios.git",
      "state" : {
        "revision" : "1c4da102e30825c6189c4b0c3ca431c3228fc6e1",
        "version" : "11.11.3"
      }
    },
    {
      "identity" : "turf-swift",
      "kind" : "remoteSourceControl",
      "location" : "https://github.com/mapbox/turf-swift.git",
      "state" : {
        "revision" : "bf840e6b9529d105687840fe2c9dcd74197d46d1",
        "version" : "4.0.0"
      }
    }
  ],
  "version" : 2
}
