{
  "pins" : [
    {
      "identity" : "datacompression",
      "kind" : "remoteSourceControl",
      "location" : "https://github.com/mw99/DataCompression.git",
      "state" : {
        "revision" : "4ac2c9c108d80b690a74252a4ec48f47e9995e00",
        "version" : "3.7.0"
      }
    }
  ],
  "version" : 2
}
