{
  "object": {
    "pins": [
      {
        "package": "DataCompression",
        "repositoryURL": "https://github.com/mw99/DataCompression.git",
        "state": {
          "branch": null,
          "revision": "4ac2c9c108d80b690a74252a4ec48f47e9995e00",
          "version": "3.7.0"
        }
      },
      {
        "package": "Turf",
        "repositoryURL": "https://github.com/mapbox/turf-swift.git",
        "state": {
          "branch": null,
          "revision": "87b5b37108ba9f37f0885b586d8f6355d8240dd8",
          "version": "2.6.1"
        }
      }
    ]
  },
  "version": 1
}
