// !$*UTF8*$!
{
	archiveVersion = 1;
	classes = {
	};
	objectVersion = 54;
	objects = {

/* Begin PBXBuildFile section */
		7412CF5E27E4A0CF00F03B1C /* AnimationEaseToBenchmark.swift in Sources */ = {isa = PBXBuildFile; fileRef = 7412CF5D27E4A0CF00F03B1C /* AnimationEaseToBenchmark.swift */; };
		745D052527C8D185004E7B53 /* MapboxMaps in Frameworks */ = {isa = PBXBuildFile; productRef = 745D052427C8D185004E7B53 /* MapboxMaps */; };
		74673149282EA6FA00B7D044 /* streets-munich-ttrc-cold.json in Resources */ = {isa = PBXBuildFile; fileRef = 74673145282EA6FA00B7D044 /* streets-munich-ttrc-cold.json */; };
		7467314A282EA6FA00B7D044 /* streets-munich-ttrc-warm.json in Resources */ = {isa = PBXBuildFile; fileRef = 74673146282EA6FA00B7D044 /* streets-munich-ttrc-warm.json */; };
		7467314B282EA6FA00B7D044 /* nav-day-munich-ttrc-warm.json in Resources */ = {isa = PBXBuildFile; fileRef = 74673147282EA6FA00B7D044 /* nav-day-munich-ttrc-warm.json */; };
		7467314C282EA6FA00B7D044 /* nav-day-munich-ttrc-cold.json in Resources */ = {isa = PBXBuildFile; fileRef = 74673148282EA6FA00B7D044 /* nav-day-munich-ttrc-cold.json */; };
		7499661827C64ECD00DA186A /* AppDelegate.swift in Sources */ = {isa = PBXBuildFile; fileRef = 7499661727C64ECD00DA186A /* AppDelegate.swift */; };
		7499661C27C64ECD00DA186A /* ViewController.swift in Sources */ = {isa = PBXBuildFile; fileRef = 7499661B27C64ECD00DA186A /* ViewController.swift */; };
		7499661F27C64ECD00DA186A /* Main.storyboard in Resources */ = {isa = PBXBuildFile; fileRef = 7499661D27C64ECD00DA186A /* Main.storyboard */; };
		7499662127C64ECE00DA186A /* Assets.xcassets in Resources */ = {isa = PBXBuildFile; fileRef = 7499662027C64ECE00DA186A /* Assets.xcassets */; };
		7499662427C64ECE00DA186A /* LaunchScreen.storyboard in Resources */ = {isa = PBXBuildFile; fileRef = 7499662227C64ECE00DA186A /* LaunchScreen.storyboard */; };
		74F237EF27E32FFA009F304C /* BaseBenchmark.swift in Sources */ = {isa = PBXBuildFile; fileRef = 74F237EE27E32FFA009F304C /* BaseBenchmark.swift */; };
		74F237F127E3326E009F304C /* InitSDKBenchmark.swift in Sources */ = {isa = PBXBuildFile; fileRef = 74F237F027E3326E009F304C /* InitSDKBenchmark.swift */; };
		74F237F327E3338A009F304C /* NotifyingViewController.swift in Sources */ = {isa = PBXBuildFile; fileRef = 74F237F227E3338A009F304C /* NotifyingViewController.swift */; };
		74F2381327E3730C009F304C /* WarmCacheBenchmark.swift in Sources */ = {isa = PBXBuildFile; fileRef = 74F2381227E3730C009F304C /* WarmCacheBenchmark.swift */; };
		74F2381527E39A33009F304C /* AnimationFlyToBenchmark.swift in Sources */ = {isa = PBXBuildFile; fileRef = 74F2381427E39A33009F304C /* AnimationFlyToBenchmark.swift */; };
		FE18AEE22840ED4D001B9E6F /* StyleURI+Decodable.swift in Sources */ = {isa = PBXBuildFile; fileRef = FE18AEE12840ED4D001B9E6F /* StyleURI+Decodable.swift */; };
		FE555B7C2836939B002751C7 /* AsyncCommand.swift in Sources */ = {isa = PBXBuildFile; fileRef = FE555B7B2836939B002751C7 /* AsyncCommand.swift */; };
		FE555B7E283774EF002751C7 /* SetOnlineStateCommand.swift in Sources */ = {isa = PBXBuildFile; fileRef = FE555B7D283774EF002751C7 /* SetOnlineStateCommand.swift */; };
		FE555B80283775F3002751C7 /* CameraOptions+Decodable.swift in Sources */ = {isa = PBXBuildFile; fileRef = FE555B7F283775F3002751C7 /* CameraOptions+Decodable.swift */; };
		FEA8FD9D2834F69F00CDDA97 /* SpecsBenchmark.swift in Sources */ = {isa = PBXBuildFile; fileRef = FEA8FD9B2834F5E400CDDA97 /* SpecsBenchmark.swift */; };
		FEA8FD9E2834F6D100CDDA97 /* Scenario.swift in Sources */ = {isa = PBXBuildFile; fileRef = 7467312B282E949100B7D044 /* Scenario.swift */; };
		FEA8FDA4283510DD00CDDA97 /* UIViewController+Extensions.swift in Sources */ = {isa = PBXBuildFile; fileRef = FEA8FDA3283510DD00CDDA97 /* UIViewController+Extensions.swift */; };
		FEA8FDA52835110000CDDA97 /* CreateMapCommand.swift in Sources */ = {isa = PBXBuildFile; fileRef = 74673135282E963000B7D044 /* CreateMapCommand.swift */; };
		FEA8FDA62835110400CDDA97 /* CreateOfflinePacksCommand.swift in Sources */ = {isa = PBXBuildFile; fileRef = 74673136282E963000B7D044 /* CreateOfflinePacksCommand.swift */; };
		FEB2802B2837C1BE00E903D2 /* ClearOfflineDataCommand.swift in Sources */ = {isa = PBXBuildFile; fileRef = FEB2802A2837C1BE00E903D2 /* ClearOfflineDataCommand.swift */; };
		FED7F06D283BA56900AD2313 /* OfflineManager+Async.swift in Sources */ = {isa = PBXBuildFile; fileRef = FED7F06C283BA56900AD2313 /* OfflineManager+Async.swift */; };
		FED7F06F283BA59800AD2313 /* MapboxMap+Async.swift in Sources */ = {isa = PBXBuildFile; fileRef = FED7F06E283BA59800AD2313 /* MapboxMap+Async.swift */; };
		FED7F071283BA5AB00AD2313 /* TileStore+Async.swift in Sources */ = {isa = PBXBuildFile; fileRef = FED7F070283BA5AB00AD2313 /* TileStore+Async.swift */; };
		FEFAF5F4282A7A990002CF6E /* PrivatePerformanceMetrics.swift in Sources */ = {isa = PBXBuildFile; fileRef = FEFAF5F3282A7A990002CF6E /* PrivatePerformanceMetrics.swift */; };
/* End PBXBuildFile section */

/* Begin PBXContainerItemProxy section */
		7499663627C7AD2A00DA186A /* PBXContainerItemProxy */ = {
			isa = PBXContainerItemProxy;
			containerPortal = 7499660C27C64ECD00DA186A /* Project object */;
			proxyType = 1;
			remoteGlobalIDString = 7499661327C64ECD00DA186A;
			remoteInfo = Benchmark;
		};
/* End PBXContainerItemProxy section */

/* Begin PBXFileReference section */
		7412CF5D27E4A0CF00F03B1C /* AnimationEaseToBenchmark.swift */ = {isa = PBXFileReference; lastKnownFileType = sourcecode.swift; path = AnimationEaseToBenchmark.swift; sourceTree = "<group>"; };
		745D052327C8D15F004E7B53 /* mapbox-maps-ios */ = {isa = PBXFileReference; lastKnownFileType = wrapper; name = "mapbox-maps-ios"; path = "../mapbox-maps-ios"; sourceTree = "<group>"; };
		7467312B282E949100B7D044 /* Scenario.swift */ = {isa = PBXFileReference; lastKnownFileType = sourcecode.swift; path = Scenario.swift; sourceTree = "<group>"; };
		74673135282E963000B7D044 /* CreateMapCommand.swift */ = {isa = PBXFileReference; fileEncoding = 4; lastKnownFileType = sourcecode.swift; path = CreateMapCommand.swift; sourceTree = "<group>"; };
		74673136282E963000B7D044 /* CreateOfflinePacksCommand.swift */ = {isa = PBXFileReference; fileEncoding = 4; lastKnownFileType = sourcecode.swift; path = CreateOfflinePacksCommand.swift; sourceTree = "<group>"; };
		74673145282EA6FA00B7D044 /* streets-munich-ttrc-cold.json */ = {isa = PBXFileReference; fileEncoding = 4; lastKnownFileType = text.json; path = "streets-munich-ttrc-cold.json"; sourceTree = "<group>"; };
		74673146282EA6FA00B7D044 /* streets-munich-ttrc-warm.json */ = {isa = PBXFileReference; fileEncoding = 4; lastKnownFileType = text.json; path = "streets-munich-ttrc-warm.json"; sourceTree = "<group>"; };
		74673147282EA6FA00B7D044 /* nav-day-munich-ttrc-warm.json */ = {isa = PBXFileReference; fileEncoding = 4; lastKnownFileType = text.json; path = "nav-day-munich-ttrc-warm.json"; sourceTree = "<group>"; };
		74673148282EA6FA00B7D044 /* nav-day-munich-ttrc-cold.json */ = {isa = PBXFileReference; fileEncoding = 4; lastKnownFileType = text.json; path = "nav-day-munich-ttrc-cold.json"; sourceTree = "<group>"; };
		7499661427C64ECD00DA186A /* MobileMetrics.app */ = {isa = PBXFileReference; explicitFileType = wrapper.application; includeInIndex = 0; path = MobileMetrics.app; sourceTree = BUILT_PRODUCTS_DIR; };
		7499661727C64ECD00DA186A /* AppDelegate.swift */ = {isa = PBXFileReference; lastKnownFileType = sourcecode.swift; path = AppDelegate.swift; sourceTree = "<group>"; };
		7499661B27C64ECD00DA186A /* ViewController.swift */ = {isa = PBXFileReference; lastKnownFileType = sourcecode.swift; path = ViewController.swift; sourceTree = "<group>"; };
		7499661E27C64ECD00DA186A /* Base */ = {isa = PBXFileReference; lastKnownFileType = file.storyboard; name = Base; path = Base.lproj/Main.storyboard; sourceTree = "<group>"; };
		7499662027C64ECE00DA186A /* Assets.xcassets */ = {isa = PBXFileReference; lastKnownFileType = folder.assetcatalog; path = Assets.xcassets; sourceTree = "<group>"; };
		7499662327C64ECE00DA186A /* Base */ = {isa = PBXFileReference; lastKnownFileType = file.storyboard; name = Base; path = Base.lproj/LaunchScreen.storyboard; sourceTree = "<group>"; };
		7499662527C64ECE00DA186A /* Info.plist */ = {isa = PBXFileReference; lastKnownFileType = text.plist.xml; path = Info.plist; sourceTree = "<group>"; };
		7499663227C7AD2900DA186A /* MobileMetricsTests.xctest */ = {isa = PBXFileReference; explicitFileType = wrapper.cfbundle; includeInIndex = 0; path = MobileMetricsTests.xctest; sourceTree = BUILT_PRODUCTS_DIR; };
		74F237EE27E32FFA009F304C /* BaseBenchmark.swift */ = {isa = PBXFileReference; lastKnownFileType = sourcecode.swift; path = BaseBenchmark.swift; sourceTree = "<group>"; };
		74F237F027E3326E009F304C /* InitSDKBenchmark.swift */ = {isa = PBXFileReference; lastKnownFileType = sourcecode.swift; path = InitSDKBenchmark.swift; sourceTree = "<group>"; };
		74F237F227E3338A009F304C /* NotifyingViewController.swift */ = {isa = PBXFileReference; lastKnownFileType = sourcecode.swift; path = NotifyingViewController.swift; sourceTree = "<group>"; };
		74F2381227E3730C009F304C /* WarmCacheBenchmark.swift */ = {isa = PBXFileReference; lastKnownFileType = sourcecode.swift; path = WarmCacheBenchmark.swift; sourceTree = "<group>"; };
		74F2381427E39A33009F304C /* AnimationFlyToBenchmark.swift */ = {isa = PBXFileReference; lastKnownFileType = sourcecode.swift; path = AnimationFlyToBenchmark.swift; sourceTree = "<group>"; };
		FE18AEE12840ED4D001B9E6F /* StyleURI+Decodable.swift */ = {isa = PBXFileReference; lastKnownFileType = sourcecode.swift; path = "StyleURI+Decodable.swift"; sourceTree = "<group>"; };
		FE555B7B2836939B002751C7 /* AsyncCommand.swift */ = {isa = PBXFileReference; lastKnownFileType = sourcecode.swift; path = AsyncCommand.swift; sourceTree = "<group>"; };
		FE555B7D283774EF002751C7 /* SetOnlineStateCommand.swift */ = {isa = PBXFileReference; lastKnownFileType = sourcecode.swift; path = SetOnlineStateCommand.swift; sourceTree = "<group>"; };
		FE555B7F283775F3002751C7 /* CameraOptions+Decodable.swift */ = {isa = PBXFileReference; lastKnownFileType = sourcecode.swift; path = "CameraOptions+Decodable.swift"; sourceTree = "<group>"; };
		FEA8FD9B2834F5E400CDDA97 /* SpecsBenchmark.swift */ = {isa = PBXFileReference; lastKnownFileType = sourcecode.swift; path = SpecsBenchmark.swift; sourceTree = "<group>"; };
		FEA8FDA3283510DD00CDDA97 /* UIViewController+Extensions.swift */ = {isa = PBXFileReference; lastKnownFileType = sourcecode.swift; path = "UIViewController+Extensions.swift"; sourceTree = "<group>"; };
		FEB2802A2837C1BE00E903D2 /* ClearOfflineDataCommand.swift */ = {isa = PBXFileReference; lastKnownFileType = sourcecode.swift; path = ClearOfflineDataCommand.swift; sourceTree = "<group>"; };
		FED7F06C283BA56900AD2313 /* OfflineManager+Async.swift */ = {isa = PBXFileReference; lastKnownFileType = sourcecode.swift; path = "OfflineManager+Async.swift"; sourceTree = "<group>"; };
		FED7F06E283BA59800AD2313 /* MapboxMap+Async.swift */ = {isa = PBXFileReference; lastKnownFileType = sourcecode.swift; path = "MapboxMap+Async.swift"; sourceTree = "<group>"; };
		FED7F070283BA5AB00AD2313 /* TileStore+Async.swift */ = {isa = PBXFileReference; lastKnownFileType = sourcecode.swift; path = "TileStore+Async.swift"; sourceTree = "<group>"; };
		FEFAF5F3282A7A990002CF6E /* PrivatePerformanceMetrics.swift */ = {isa = PBXFileReference; lastKnownFileType = sourcecode.swift; path = PrivatePerformanceMetrics.swift; sourceTree = "<group>"; };
/* End PBXFileReference section */

/* Begin PBXFrameworksBuildPhase section */
		7499661127C64ECD00DA186A /* Frameworks */ = {
			isa = PBXFrameworksBuildPhase;
			buildActionMask = 2147483647;
			files = (
				745D052527C8D185004E7B53 /* MapboxMaps in Frameworks */,
			);
			runOnlyForDeploymentPostprocessing = 0;
		};
		7499662F27C7AD2900DA186A /* Frameworks */ = {
			isa = PBXFrameworksBuildPhase;
			buildActionMask = 2147483647;
			files = (
			);
			runOnlyForDeploymentPostprocessing = 0;
		};
/* End PBXFrameworksBuildPhase section */

/* Begin PBXGroup section */
		745D052027C8D130004E7B53 /* Frameworks */ = {
			isa = PBXGroup;
			children = (
			);
			name = Frameworks;
			sourceTree = "<group>";
		};
		74673132282E961E00B7D044 /* Commands */ = {
			isa = PBXGroup;
			children = (
				FE555B7B2836939B002751C7 /* AsyncCommand.swift */,
				7467312B282E949100B7D044 /* Scenario.swift */,
				FEB2802A2837C1BE00E903D2 /* ClearOfflineDataCommand.swift */,
				74673135282E963000B7D044 /* CreateMapCommand.swift */,
				74673136282E963000B7D044 /* CreateOfflinePacksCommand.swift */,
				FE555B7D283774EF002751C7 /* SetOnlineStateCommand.swift */,
			);
			path = Commands;
			sourceTree = "<group>";
		};
		74673144282EA6F100B7D044 /* Specs */ = {
			isa = PBXGroup;
			children = (
				74673148282EA6FA00B7D044 /* nav-day-munich-ttrc-cold.json */,
				74673147282EA6FA00B7D044 /* nav-day-munich-ttrc-warm.json */,
				74673145282EA6FA00B7D044 /* streets-munich-ttrc-cold.json */,
				74673146282EA6FA00B7D044 /* streets-munich-ttrc-warm.json */,
			);
			path = Specs;
			sourceTree = "<group>";
		};
		7499660B27C64ECD00DA186A = {
			isa = PBXGroup;
			children = (
				7499663C27C7BCE900DA186A /* Packages */,
				7499661627C64ECD00DA186A /* Sources */,
				7499663327C7AD2A00DA186A /* Tests */,
				7499661527C64ECD00DA186A /* Products */,
				745D052027C8D130004E7B53 /* Frameworks */,
			);
			sourceTree = "<group>";
		};
		7499661527C64ECD00DA186A /* Products */ = {
			isa = PBXGroup;
			children = (
				7499661427C64ECD00DA186A /* MobileMetrics.app */,
				7499663227C7AD2900DA186A /* MobileMetricsTests.xctest */,
			);
			name = Products;
			sourceTree = "<group>";
		};
		7499661627C64ECD00DA186A /* Sources */ = {
			isa = PBXGroup;
			children = (
				7499661727C64ECD00DA186A /* AppDelegate.swift */,
				7499661B27C64ECD00DA186A /* ViewController.swift */,
				7499661D27C64ECD00DA186A /* Main.storyboard */,
				7499662027C64ECE00DA186A /* Assets.xcassets */,
				7499662227C64ECE00DA186A /* LaunchScreen.storyboard */,
				7499662527C64ECE00DA186A /* Info.plist */,
			);
			path = Sources;
			sourceTree = "<group>";
		};
		7499663327C7AD2A00DA186A /* Tests */ = {
			isa = PBXGroup;
			children = (
				74F237EA27E32DE8009F304C /* Base */,
				74F237F027E3326E009F304C /* InitSDKBenchmark.swift */,
				74F2381227E3730C009F304C /* WarmCacheBenchmark.swift */,
				74F2381427E39A33009F304C /* AnimationFlyToBenchmark.swift */,
				7412CF5D27E4A0CF00F03B1C /* AnimationEaseToBenchmark.swift */,
				FEA8FD9B2834F5E400CDDA97 /* SpecsBenchmark.swift */,
				74673144282EA6F100B7D044 /* Specs */,
				FED7F06B283BA55800AD2313 /* Extensions */,
				74673132282E961E00B7D044 /* Commands */,
				FE555B7F283775F3002751C7 /* CameraOptions+Decodable.swift */,
			);
			path = Tests;
			sourceTree = "<group>";
		};
		7499663C27C7BCE900DA186A /* Packages */ = {
			isa = PBXGroup;
			children = (
				745D052327C8D15F004E7B53 /* mapbox-maps-ios */,
			);
			name = Packages;
			sourceTree = "<group>";
		};
		74F237EA27E32DE8009F304C /* Base */ = {
			isa = PBXGroup;
			children = (
				74F237EE27E32FFA009F304C /* BaseBenchmark.swift */,
				74F237F227E3338A009F304C /* NotifyingViewController.swift */,
				FEFAF5F3282A7A990002CF6E /* PrivatePerformanceMetrics.swift */,
			);
			path = Base;
			sourceTree = "<group>";
		};
		FED7F06B283BA55800AD2313 /* Extensions */ = {
			isa = PBXGroup;
			children = (
				FEA8FDA3283510DD00CDDA97 /* UIViewController+Extensions.swift */,
				FED7F06C283BA56900AD2313 /* OfflineManager+Async.swift */,
				FED7F06E283BA59800AD2313 /* MapboxMap+Async.swift */,
				FED7F070283BA5AB00AD2313 /* TileStore+Async.swift */,
				FE18AEE12840ED4D001B9E6F /* StyleURI+Decodable.swift */,
			);
			name = Extensions;
			sourceTree = "<group>";
		};
/* End PBXGroup section */

/* Begin PBXNativeTarget section */
		7499661327C64ECD00DA186A /* MobileMetrics */ = {
			isa = PBXNativeTarget;
			buildConfigurationList = 7499662827C64ECE00DA186A /* Build configuration list for PBXNativeTarget "MobileMetrics" */;
			buildPhases = (
				7499661027C64ECD00DA186A /* Sources */,
				7499661127C64ECD00DA186A /* Frameworks */,
				7499661227C64ECD00DA186A /* Resources */,
				7499663B27C7AD4100DA186A /* Insert access token */,
			);
			buildRules = (
			);
			dependencies = (
			);
			name = MobileMetrics;
			packageProductDependencies = (
				745D052427C8D185004E7B53 /* MapboxMaps */,
			);
			productName = Benchmark;
			productReference = 7499661427C64ECD00DA186A /* MobileMetrics.app */;
			productType = "com.apple.product-type.application";
		};
		7499663127C7AD2900DA186A /* MobileMetricsTests */ = {
			isa = PBXNativeTarget;
			buildConfigurationList = 7499663A27C7AD2A00DA186A /* Build configuration list for PBXNativeTarget "MobileMetricsTests" */;
			buildPhases = (
				7499662E27C7AD2900DA186A /* Sources */,
				7499662F27C7AD2900DA186A /* Frameworks */,
				7499663027C7AD2900DA186A /* Resources */,
			);
			buildRules = (
			);
			dependencies = (
				7499663727C7AD2A00DA186A /* PBXTargetDependency */,
			);
			name = MobileMetricsTests;
			packageProductDependencies = (
			);
			productName = BenchmarkTests;
			productReference = 7499663227C7AD2900DA186A /* MobileMetricsTests.xctest */;
			productType = "com.apple.product-type.bundle.unit-test";
		};
/* End PBXNativeTarget section */

/* Begin PBXProject section */
		7499660C27C64ECD00DA186A /* Project object */ = {
			isa = PBXProject;
			attributes = {
				BuildIndependentTargetsInParallel = 1;
				LastSwiftUpdateCheck = 1330;
				LastUpgradeCheck = 1320;
				TargetAttributes = {
					7499661327C64ECD00DA186A = {
						CreatedOnToolsVersion = 13.2.1;
					};
					7499663127C7AD2900DA186A = {
						CreatedOnToolsVersion = 13.2.1;
						TestTargetID = 7499661327C64ECD00DA186A;
					};
				};
			};
			buildConfigurationList = 7499660F27C64ECD00DA186A /* Build configuration list for PBXProject "MobileMetrics" */;
			compatibilityVersion = "Xcode 12.0";
			developmentRegion = en;
			hasScannedForEncodings = 0;
			knownRegions = (
				en,
				Base,
			);
			mainGroup = 7499660B27C64ECD00DA186A;
			packageReferences = (
			);
			productRefGroup = 7499661527C64ECD00DA186A /* Products */;
			projectDirPath = "";
			projectRoot = "";
			targets = (
				7499661327C64ECD00DA186A /* MobileMetrics */,
				7499663127C7AD2900DA186A /* MobileMetricsTests */,
			);
		};
/* End PBXProject section */

/* Begin PBXResourcesBuildPhase section */
		7499661227C64ECD00DA186A /* Resources */ = {
			isa = PBXResourcesBuildPhase;
			buildActionMask = 2147483647;
			files = (
				7467314B282EA6FA00B7D044 /* nav-day-munich-ttrc-warm.json in Resources */,
				7467314A282EA6FA00B7D044 /* streets-munich-ttrc-warm.json in Resources */,
				7499662427C64ECE00DA186A /* LaunchScreen.storyboard in Resources */,
				74673149282EA6FA00B7D044 /* streets-munich-ttrc-cold.json in Resources */,
				7499662127C64ECE00DA186A /* Assets.xcassets in Resources */,
				7467314C282EA6FA00B7D044 /* nav-day-munich-ttrc-cold.json in Resources */,
				7499661F27C64ECD00DA186A /* Main.storyboard in Resources */,
			);
			runOnlyForDeploymentPostprocessing = 0;
		};
		7499663027C7AD2900DA186A /* Resources */ = {
			isa = PBXResourcesBuildPhase;
			buildActionMask = 2147483647;
			files = (
			);
			runOnlyForDeploymentPostprocessing = 0;
		};
/* End PBXResourcesBuildPhase section */

/* Begin PBXShellScriptBuildPhase section */
		7499663B27C7AD4100DA186A /* Insert access token */ = {
			isa = PBXShellScriptBuildPhase;
			buildActionMask = 2147483647;
			files = (
			);
			inputFileListPaths = (
			);
			inputPaths = (
				"$(TARGET_BUILD_DIR)/$(INFOPLIST_PATH)",
			);
			name = "Insert access token";
			outputFileListPaths = (
			);
			outputPaths = (
			);
			runOnlyForDeploymentPostprocessing = 0;
			shellPath = /bin/sh;
			shellScript = "$SRCROOT/insert_access_token.sh\n";
		};
/* End PBXShellScriptBuildPhase section */

/* Begin PBXSourcesBuildPhase section */
		7499661027C64ECD00DA186A /* Sources */ = {
			isa = PBXSourcesBuildPhase;
			buildActionMask = 2147483647;
			files = (
				7499661C27C64ECD00DA186A /* ViewController.swift in Sources */,
				7499661827C64ECD00DA186A /* AppDelegate.swift in Sources */,
			);
			runOnlyForDeploymentPostprocessing = 0;
		};
		7499662E27C7AD2900DA186A /* Sources */ = {
			isa = PBXSourcesBuildPhase;
			buildActionMask = 2147483647;
			files = (
				FEA8FD9D2834F69F00CDDA97 /* SpecsBenchmark.swift in Sources */,
				FEFAF5F4282A7A990002CF6E /* PrivatePerformanceMetrics.swift in Sources */,
				FEA8FDA4283510DD00CDDA97 /* UIViewController+Extensions.swift in Sources */,
				FEA8FD9E2834F6D100CDDA97 /* Scenario.swift in Sources */,
				FED7F06F283BA59800AD2313 /* MapboxMap+Async.swift in Sources */,
				74F237EF27E32FFA009F304C /* BaseBenchmark.swift in Sources */,
				FE555B7C2836939B002751C7 /* AsyncCommand.swift in Sources */,
				FED7F071283BA5AB00AD2313 /* TileStore+Async.swift in Sources */,
				7412CF5E27E4A0CF00F03B1C /* AnimationEaseToBenchmark.swift in Sources */,
				FE555B7E283774EF002751C7 /* SetOnlineStateCommand.swift in Sources */,
				FE18AEE22840ED4D001B9E6F /* StyleURI+Decodable.swift in Sources */,
				74F2381327E3730C009F304C /* WarmCacheBenchmark.swift in Sources */,
				FE555B80283775F3002751C7 /* CameraOptions+Decodable.swift in Sources */,
				74F237F127E3326E009F304C /* InitSDKBenchmark.swift in Sources */,
				FEB2802B2837C1BE00E903D2 /* ClearOfflineDataCommand.swift in Sources */,
				FEA8FDA62835110400CDDA97 /* CreateOfflinePacksCommand.swift in Sources */,
				74F237F327E3338A009F304C /* NotifyingViewController.swift in Sources */,
				FED7F06D283BA56900AD2313 /* OfflineManager+Async.swift in Sources */,
				FEA8FDA52835110000CDDA97 /* CreateMapCommand.swift in Sources */,
				74F2381527E39A33009F304C /* AnimationFlyToBenchmark.swift in Sources */,
			);
			runOnlyForDeploymentPostprocessing = 0;
		};
/* End PBXSourcesBuildPhase section */

/* Begin PBXTargetDependency section */
		7499663727C7AD2A00DA186A /* PBXTargetDependency */ = {
			isa = PBXTargetDependency;
			target = 7499661327C64ECD00DA186A /* MobileMetrics */;
			targetProxy = 7499663627C7AD2A00DA186A /* PBXContainerItemProxy */;
		};
/* End PBXTargetDependency section */

/* Begin PBXVariantGroup section */
		7499661D27C64ECD00DA186A /* Main.storyboard */ = {
			isa = PBXVariantGroup;
			children = (
				7499661E27C64ECD00DA186A /* Base */,
			);
			name = Main.storyboard;
			sourceTree = "<group>";
		};
		7499662227C64ECE00DA186A /* LaunchScreen.storyboard */ = {
			isa = PBXVariantGroup;
			children = (
				7499662327C64ECE00DA186A /* Base */,
			);
			name = LaunchScreen.storyboard;
			sourceTree = "<group>";
		};
/* End PBXVariantGroup section */

/* Begin XCBuildConfiguration section */
		7499662627C64ECE00DA186A /* Debug */ = {
			isa = XCBuildConfiguration;
			buildSettings = {
				ALWAYS_SEARCH_USER_PATHS = NO;
				CLANG_ANALYZER_NONNULL = YES;
				CLANG_ANALYZER_NUMBER_OBJECT_CONVERSION = YES_AGGRESSIVE;
				CLANG_CXX_LANGUAGE_STANDARD = "gnu++17";
				CLANG_CXX_LIBRARY = "libc++";
				CLANG_ENABLE_MODULES = YES;
				CLANG_ENABLE_OBJC_ARC = YES;
				CLANG_ENABLE_OBJC_WEAK = YES;
				CLANG_WARN_BLOCK_CAPTURE_AUTORELEASING = YES;
				CLANG_WARN_BOOL_CONVERSION = YES;
				CLANG_WARN_COMMA = YES;
				CLANG_WARN_CONSTANT_CONVERSION = YES;
				CLANG_WARN_DEPRECATED_OBJC_IMPLEMENTATIONS = YES;
				CLANG_WARN_DIRECT_OBJC_ISA_USAGE = YES_ERROR;
				CLANG_WARN_DOCUMENTATION_COMMENTS = YES;
				CLANG_WARN_EMPTY_BODY = YES;
				CLANG_WARN_ENUM_CONVERSION = YES;
				CLANG_WARN_INFINITE_RECURSION = YES;
				CLANG_WARN_INT_CONVERSION = YES;
				CLANG_WARN_NON_LITERAL_NULL_CONVERSION = YES;
				CLANG_WARN_OBJC_IMPLICIT_RETAIN_SELF = YES;
				CLANG_WARN_OBJC_LITERAL_CONVERSION = YES;
				CLANG_WARN_OBJC_ROOT_CLASS = YES_ERROR;
				CLANG_WARN_QUOTED_INCLUDE_IN_FRAMEWORK_HEADER = YES;
				CLANG_WARN_RANGE_LOOP_ANALYSIS = YES;
				CLANG_WARN_STRICT_PROTOTYPES = YES;
				CLANG_WARN_SUSPICIOUS_MOVE = YES;
				CLANG_WARN_UNGUARDED_AVAILABILITY = YES_AGGRESSIVE;
				CLANG_WARN_UNREACHABLE_CODE = YES;
				CLANG_WARN__DUPLICATE_METHOD_MATCH = YES;
				COPY_PHASE_STRIP = NO;
				DEBUG_INFORMATION_FORMAT = dwarf;
				ENABLE_STRICT_OBJC_MSGSEND = YES;
				ENABLE_TESTABILITY = YES;
				GCC_C_LANGUAGE_STANDARD = gnu11;
				GCC_DYNAMIC_NO_PIC = NO;
				GCC_NO_COMMON_BLOCKS = YES;
				GCC_OPTIMIZATION_LEVEL = 0;
				GCC_PREPROCESSOR_DEFINITIONS = (
					"DEBUG=1",
					"$(inherited)",
				);
				GCC_WARN_64_TO_32_BIT_CONVERSION = YES;
				GCC_WARN_ABOUT_RETURN_TYPE = YES_ERROR;
				GCC_WARN_UNDECLARED_SELECTOR = YES;
				GCC_WARN_UNINITIALIZED_AUTOS = YES_AGGRESSIVE;
				GCC_WARN_UNUSED_FUNCTION = YES;
				GCC_WARN_UNUSED_VARIABLE = YES;
				IPHONEOS_DEPLOYMENT_TARGET = 13.0;
				MTL_ENABLE_DEBUG_INFO = INCLUDE_SOURCE;
				MTL_FAST_MATH = YES;
				ONLY_ACTIVE_ARCH = YES;
				SDKROOT = iphoneos;
				SWIFT_ACTIVE_COMPILATION_CONDITIONS = DEBUG;
				SWIFT_OPTIMIZATION_LEVEL = "-Onone";
			};
			name = Debug;
		};
		7499662727C64ECE00DA186A /* Release */ = {
			isa = XCBuildConfiguration;
			buildSettings = {
				ALWAYS_SEARCH_USER_PATHS = NO;
				CLANG_ANALYZER_NONNULL = YES;
				CLANG_ANALYZER_NUMBER_OBJECT_CONVERSION = YES_AGGRESSIVE;
				CLANG_CXX_LANGUAGE_STANDARD = "gnu++17";
				CLANG_CXX_LIBRARY = "libc++";
				CLANG_ENABLE_MODULES = YES;
				CLANG_ENABLE_OBJC_ARC = YES;
				CLANG_ENABLE_OBJC_WEAK = YES;
				CLANG_WARN_BLOCK_CAPTURE_AUTORELEASING = YES;
				CLANG_WARN_BOOL_CONVERSION = YES;
				CLANG_WARN_COMMA = YES;
				CLANG_WARN_CONSTANT_CONVERSION = YES;
				CLANG_WARN_DEPRECATED_OBJC_IMPLEMENTATIONS = YES;
				CLANG_WARN_DIRECT_OBJC_ISA_USAGE = YES_ERROR;
				CLANG_WARN_DOCUMENTATION_COMMENTS = YES;
				CLANG_WARN_EMPTY_BODY = YES;
				CLANG_WARN_ENUM_CONVERSION = YES;
				CLANG_WARN_INFINITE_RECURSION = YES;
				CLANG_WARN_INT_CONVERSION = YES;
				CLANG_WARN_NON_LITERAL_NULL_CONVERSION = YES;
				CLANG_WARN_OBJC_IMPLICIT_RETAIN_SELF = YES;
				CLANG_WARN_OBJC_LITERAL_CONVERSION = YES;
				CLANG_WARN_OBJC_ROOT_CLASS = YES_ERROR;
				CLANG_WARN_QUOTED_INCLUDE_IN_FRAMEWORK_HEADER = YES;
				CLANG_WARN_RANGE_LOOP_ANALYSIS = YES;
				CLANG_WARN_STRICT_PROTOTYPES = YES;
				CLANG_WARN_SUSPICIOUS_MOVE = YES;
				CLANG_WARN_UNGUARDED_AVAILABILITY = YES_AGGRESSIVE;
				CLANG_WARN_UNREACHABLE_CODE = YES;
				CLANG_WARN__DUPLICATE_METHOD_MATCH = YES;
				COPY_PHASE_STRIP = NO;
				DEBUG_INFORMATION_FORMAT = "dwarf-with-dsym";
				ENABLE_NS_ASSERTIONS = NO;
				ENABLE_STRICT_OBJC_MSGSEND = YES;
				GCC_C_LANGUAGE_STANDARD = gnu11;
				GCC_NO_COMMON_BLOCKS = YES;
				GCC_WARN_64_TO_32_BIT_CONVERSION = YES;
				GCC_WARN_ABOUT_RETURN_TYPE = YES_ERROR;
				GCC_WARN_UNDECLARED_SELECTOR = YES;
				GCC_WARN_UNINITIALIZED_AUTOS = YES_AGGRESSIVE;
				GCC_WARN_UNUSED_FUNCTION = YES;
				GCC_WARN_UNUSED_VARIABLE = YES;
				IPHONEOS_DEPLOYMENT_TARGET = 13.0;
				MTL_ENABLE_DEBUG_INFO = NO;
				MTL_FAST_MATH = YES;
				SDKROOT = iphoneos;
				SWIFT_COMPILATION_MODE = wholemodule;
				SWIFT_OPTIMIZATION_LEVEL = "-O";
				VALIDATE_PRODUCT = YES;
			};
			name = Release;
		};
		7499662927C64ECE00DA186A /* Debug */ = {
			isa = XCBuildConfiguration;
			buildSettings = {
				ASSETCATALOG_COMPILER_APPICON_NAME = AppIcon;
				ASSETCATALOG_COMPILER_GLOBAL_ACCENT_COLOR_NAME = AccentColor;
				CODE_SIGN_STYLE = Automatic;
				CURRENT_PROJECT_VERSION = 1;
				DEVELOPMENT_TEAM = GJZR2MEM28;
				GENERATE_INFOPLIST_FILE = YES;
				INFOPLIST_FILE = Sources/Info.plist;
				INFOPLIST_KEY_NSLocationAlwaysAndWhenInUseUsageDescription = "Requires Location for Testing";
				INFOPLIST_KEY_NSLocationAlwaysUsageDescription = "Requires Location for Testing";
				INFOPLIST_KEY_NSLocationUsageDescription = "Requires Location for Testing";
				INFOPLIST_KEY_NSLocationWhenInUseUsageDescription = "Requires Location for Testing";
				INFOPLIST_KEY_UIApplicationSupportsIndirectInputEvents = YES;
				INFOPLIST_KEY_UILaunchStoryboardName = LaunchScreen;
				INFOPLIST_KEY_UIMainStoryboardFile = Main;
				INFOPLIST_KEY_UISupportedInterfaceOrientations_iPad = "UIInterfaceOrientationPortrait UIInterfaceOrientationPortraitUpsideDown UIInterfaceOrientationLandscapeLeft UIInterfaceOrientationLandscapeRight";
				INFOPLIST_KEY_UISupportedInterfaceOrientations_iPhone = "UIInterfaceOrientationPortrait UIInterfaceOrientationLandscapeLeft UIInterfaceOrientationLandscapeRight";
				LD_RUNPATH_SEARCH_PATHS = (
					"$(inherited)",
					"@executable_path/Frameworks",
				);
				MARKETING_VERSION = 1.0;
				PRODUCT_BUNDLE_IDENTIFIER = com.mapbox.MobileMetrics;
				PRODUCT_NAME = "$(TARGET_NAME)";
				SWIFT_EMIT_LOC_STRINGS = YES;
				SWIFT_VERSION = 5.0;
				TARGETED_DEVICE_FAMILY = "1,2";
			};
			name = Debug;
		};
		7499662A27C64ECE00DA186A /* Release */ = {
			isa = XCBuildConfiguration;
			buildSettings = {
				ASSETCATALOG_COMPILER_APPICON_NAME = AppIcon;
				ASSETCATALOG_COMPILER_GLOBAL_ACCENT_COLOR_NAME = AccentColor;
				CODE_SIGN_STYLE = Automatic;
				CURRENT_PROJECT_VERSION = 1;
				DEVELOPMENT_TEAM = GJZR2MEM28;
				GENERATE_INFOPLIST_FILE = YES;
				INFOPLIST_FILE = Sources/Info.plist;
				INFOPLIST_KEY_NSLocationAlwaysAndWhenInUseUsageDescription = "Requires Location for Testing";
				INFOPLIST_KEY_NSLocationAlwaysUsageDescription = "Requires Location for Testing";
				INFOPLIST_KEY_NSLocationUsageDescription = "Requires Location for Testing";
				INFOPLIST_KEY_NSLocationWhenInUseUsageDescription = "Requires Location for Testing";
				INFOPLIST_KEY_UIApplicationSupportsIndirectInputEvents = YES;
				INFOPLIST_KEY_UILaunchStoryboardName = LaunchScreen;
				INFOPLIST_KEY_UIMainStoryboardFile = Main;
				INFOPLIST_KEY_UISupportedInterfaceOrientations_iPad = "UIInterfaceOrientationPortrait UIInterfaceOrientationPortraitUpsideDown UIInterfaceOrientationLandscapeLeft UIInterfaceOrientationLandscapeRight";
				INFOPLIST_KEY_UISupportedInterfaceOrientations_iPhone = "UIInterfaceOrientationPortrait UIInterfaceOrientationLandscapeLeft UIInterfaceOrientationLandscapeRight";
				LD_RUNPATH_SEARCH_PATHS = (
					"$(inherited)",
					"@executable_path/Frameworks",
				);
				MARKETING_VERSION = 1.0;
				PRODUCT_BUNDLE_IDENTIFIER = com.mapbox.MobileMetrics;
				PRODUCT_NAME = "$(TARGET_NAME)";
				SWIFT_EMIT_LOC_STRINGS = YES;
				SWIFT_VERSION = 5.0;
				TARGETED_DEVICE_FAMILY = "1,2";
			};
			name = Release;
		};
		7499663827C7AD2A00DA186A /* Debug */ = {
			isa = XCBuildConfiguration;
			buildSettings = {
				BUNDLE_LOADER = "$(TEST_HOST)";
				CODE_SIGN_STYLE = Automatic;
				CURRENT_PROJECT_VERSION = 1;
				DEVELOPMENT_TEAM = GJZR2MEM28;
				GENERATE_INFOPLIST_FILE = YES;
				INFOPLIST_KEY_NSPrincipalClass = MobileMetricsTests.Main;
				MARKETING_VERSION = 1.0;
				PRODUCT_BUNDLE_IDENTIFIER = com.mapbox.MobileMetricsTests;
				PRODUCT_NAME = "$(TARGET_NAME)";
				SWIFT_VERSION = 5.0;
				TARGETED_DEVICE_FAMILY = "1,2";
				TEST_HOST = "$(BUILT_PRODUCTS_DIR)/MobileMetrics.app/MobileMetrics";
			};
			name = Debug;
		};
		7499663927C7AD2A00DA186A /* Release */ = {
			isa = XCBuildConfiguration;
			buildSettings = {
				BUNDLE_LOADER = "$(TEST_HOST)";
				CODE_SIGN_STYLE = Automatic;
				CURRENT_PROJECT_VERSION = 1;
				DEVELOPMENT_TEAM = GJZR2MEM28;
				GENERATE_INFOPLIST_FILE = YES;
				INFOPLIST_KEY_NSPrincipalClass = MobileMetricsTests.Main;
				MARKETING_VERSION = 1.0;
				PRODUCT_BUNDLE_IDENTIFIER = com.mapbox.MobileMetricsTests;
				PRODUCT_NAME = "$(TARGET_NAME)";
				SWIFT_VERSION = 5.0;
				TARGETED_DEVICE_FAMILY = "1,2";
				TEST_HOST = "$(BUILT_PRODUCTS_DIR)/MobileMetrics.app/MobileMetrics";
			};
			name = Release;
		};
/* End XCBuildConfiguration section */

/* Begin XCConfigurationList section */
		7499660F27C64ECD00DA186A /* Build configuration list for PBXProject "MobileMetrics" */ = {
			isa = XCConfigurationList;
			buildConfigurations = (
				7499662627C64ECE00DA186A /* Debug */,
				7499662727C64ECE00DA186A /* Release */,
			);
			defaultConfigurationIsVisible = 0;
			defaultConfigurationName = Release;
		};
		7499662827C64ECE00DA186A /* Build configuration list for PBXNativeTarget "MobileMetrics" */ = {
			isa = XCConfigurationList;
			buildConfigurations = (
				7499662927C64ECE00DA186A /* Debug */,
				7499662A27C64ECE00DA186A /* Release */,
			);
			defaultConfigurationIsVisible = 0;
			defaultConfigurationName = Release;
		};
		7499663A27C7AD2A00DA186A /* Build configuration list for PBXNativeTarget "MobileMetricsTests" */ = {
			isa = XCConfigurationList;
			buildConfigurations = (
				7499663827C7AD2A00DA186A /* Debug */,
				7499663927C7AD2A00DA186A /* Release */,
			);
			defaultConfigurationIsVisible = 0;
			defaultConfigurationName = Release;
		};
/* End XCConfigurationList section */

/* Begin XCSwiftPackageProductDependency section */
		745D052427C8D185004E7B53 /* MapboxMaps */ = {
			isa = XCSwiftPackageProductDependency;
			productName = MapboxMaps;
		};
/* End XCSwiftPackageProductDependency section */
	};
	rootObject = 7499660C27C64ECD00DA186A /* Project object */;
}
